
Microsoft Visual Studio Solution File, Format Version 12.00
# Visual Studio Version 16
VisualStudioVersion = 16.0.31129.286
MinimumVisualStudioVersion = 10.0.40219.1
Project("{FAE04EC0-301F-11D3-BF4B-00C04F79EFBC}") = "EquipamentosOO.ConsoleApp", "EquipamentosOO.ConsoleApp\EquipamentosOO.ConsoleApp.csproj", "{1434CBC2-498F-4CB7-9E78-9371D7777ACD}"
EndProject
Global
	GlobalSection(SolutionConfigurationPlatforms) = preSolution
		Debug|Any CPU = Debug|Any CPU
		Release|Any CPU = Release|Any CPU
	EndGlobalSection
	GlobalSection(ProjectConfigurationPlatforms) = postSolution
		{1434CBC2-498F-4CB7-9E78-9371D7777ACD}.Debug|Any CPU.ActiveCfg = Debug|Any CPU
		{1434CBC2-498F-4CB7-9E78-9371D7777ACD}.Debug|Any CPU.Build.0 = Debug|Any CPU
		{1434CBC2-498F-4CB7-9E78-9371D7777ACD}.Release|Any CPU.ActiveCfg = Release|Any CPU
		{1434CBC2-498F-4CB7-9E78-9371D7777ACD}.Release|Any CPU.Build.0 = Release|Any CPU
	EndGlobalSection
	GlobalSection(SolutionProperties) = preSolution
		HideSolutionNode = FALSE
	EndGlobalSection
	GlobalSection(ExtensibilityGlobals) = postSolution
		SolutionGuid = {4BFBB2D8-D0FF-4F24-BFC7-B2E678D26D57}
	EndGlobalSection
EndGlobal
